<?xml version="1.0" encoding="UTF-8" standalone="yes" ?>
<CodeBlocks_project_file>
	<FileVersion major="1" minor="6" />
	<Project>
		<Option title="DI4_ProjectC" />
		<Option pch_mode="2" />
		<Option compiler="gcc" />
		<Build>
			<Target title="Debug">
				<Option output="bin/Debug/DI4_ProjectC" prefix_auto="1" extension_auto="1" />
				<Option object_output="obj/Debug/" />
				<Option type="1" />
				<Option compiler="gcc" />
				<Compiler>
					<Add option="-Wextra" />
					<Add option="-g" />
				</Compiler>
			</Target>
			<Target title="Release">
				<Option output="bin/Release/DI4_ProjectC" prefix_auto="1" extension_auto="1" />
				<Option object_output="obj/Release/" />
				<Option type="1" />
				<Option compiler="gcc" />
				<Compiler>
					<Add option="-O2" />
					<Add option="-DNDEBUG" />
				</Compiler>
				<Linker>
					<Add option="-s" />
				</Linker>
			</Target>
		</Build>
		<Compiler>
			<Add option="-Wall" />
			<Add option="-std=c99" />
			<Add option="-Wstrict-prototypes" />
		</Compiler>
		<Unit filename="src/Batch.c">
			<Option compilerVar="CC" />
		</Unit>
		<Unit filename="src/Batch.h" />
		<Unit filename="src/BatchList.c">
			<Option compilerVar="CC" />
		</Unit>
		<Unit filename="src/BatchList.h" />
		<Unit filename="src/Config.c">
			<Option compilerVar="CC" />
		</Unit>
		<Unit filename="src/Config.h" />
		<Unit filename="src/Instance.c">
			<Option compilerVar="CC" />
		</Unit>
		<Unit filename="src/Instance.h" />
		<Unit filename="src/Sequence.c">
			<Option compilerVar="CC" />
		</Unit>
		<Unit filename="src/Sequence.h" />
		<Unit filename="src/Solution.c">
			<Option compilerVar="CC" />
		</Unit>
		<Unit filename="src/Solution.h" />
		<Unit filename="src/TabuList.c">
			<Option compilerVar="CC" />
		</Unit>
		<Unit filename="src/TabuList.h" />
		<Unit filename="src/helpers.c">
			<Option compilerVar="CC" />
		</Unit>
		<Unit filename="src/helpers.h" />
		<Unit filename="src/main.c">
			<Option compilerVar="CC" />
		</Unit>
		<Unit filename="tests/BatchListTests.c">
			<Option compilerVar="CC" />
			<Option target="Debug" />
		</Unit>
		<Unit filename="tests/BatchListTests.h">
			<Option target="Debug" />
		</Unit>
		<Unit filename="tests/BatchTests.c">
			<Option compilerVar="CC" />
			<Option target="Debug" />
		</Unit>
		<Unit filename="tests/BatchTests.h">
			<Option target="Debug" />
		</Unit>
		<Unit filename="tests/ConfigTests.c">
			<Option compilerVar="CC" />
			<Option target="Debug" />
		</Unit>
		<Unit filename="tests/ConfigTests.h">
			<Option target="Debug" />
		</Unit>
		<Unit filename="tests/InstanceTests.c">
			<Option compilerVar="CC" />
		</Unit>
		<Unit filename="tests/InstanceTests.h">
			<Option target="Debug" />
		</Unit>
		<Unit filename="tests/SequenceTests.c">
			<Option compilerVar="CC" />
			<Option target="Debug" />
		</Unit>
		<Unit filename="tests/SequenceTests.h">
			<Option target="Debug" />
		</Unit>
		<Unit filename="tests/SolutionTests.c">
			<Option compilerVar="CC" />
			<Option target="Debug" />
		</Unit>
		<Unit filename="tests/SolutionTests.h">
			<Option target="Debug" />
		</Unit>
		<Unit filename="tests/TabuListTests.c">
			<Option compilerVar="CC" />
		</Unit>
		<Unit filename="tests/TabuListTests.h" />
		<Unit filename="tests/TestsRunner.c">
			<Option compilerVar="CC" />
			<Option target="Debug" />
		</Unit>
		<Unit filename="tests/TestsRunner.h">
			<Option target="Debug" />
		</Unit>
		<Unit filename="tests/helpersTests.c">
			<Option compilerVar="CC" />
		</Unit>
		<Unit filename="tests/helpersTests.h" />
		<Extensions>
			<code_completion />
			<envvars />
			<debugger />
			<DoxyBlocks>
				<comment_style block="0" line="0" />
				<doxyfile_project />
				<doxyfile_build />
				<doxyfile_warnings />
				<doxyfile_output />
				<doxyfile_dot />
				<general />
			</DoxyBlocks>
		</Extensions>
	</Project>
</CodeBlocks_project_file>
